{
  "object": {
    "pins": [
      {
        "package": "Lottie",
        "repositoryURL": "https://github.com/airbnb/lottie-ios",
        "state": {
          "branch": null,
          "revision": "8f81de8d81da8631fd95ff81a9db133b76e13ea4",
          "version": "3.1.6"
        }
      },
      {
        "package": "NumericSpringing",
        "repositoryURL": "https://github.com/LactoseGK/swift-numeric-springing",
        "state": {
          "branch": null,
          "revision": "bdd6f4a5eaa980f7a1dd2b558e9f0ff1a43cd5f2",
          "version": "0.0.4"
        }
      }
    ]
  },
  "version": 1
}
