{
  "object": {
    "pins": [
      {
        "package": "Lottie",
        "repositoryURL": "https://github.com/airbnb/lottie-ios",
        "state": {
          "branch": null,
          "revision": "8f81de8d81da8631fd95ff81a9db133b76e13ea4",
          "version": "3.1.6"
        }
      },
      {
        "package": "NumericSpringing",
        "repositoryURL": "https://github.com/LactoseGK/swift-numeric-springing",
        "state": {
          "branch": null,
          "revision": "ceb80862a3b01e8d362f4ba4ffd8a084f9dba6f1",
          "version": "0.0.13"
        }
      }
    ]
  },
  "version": 1
}
