{
  "object": {
    "pins": [
      {
        "package": "Lottie",
        "repositoryURL": "https://github.com/airbnb/lottie-ios",
        "state": {
          "branch": null,
          "revision": "8f81de8d81da8631fd95ff81a9db133b76e13ea4",
          "version": "3.1.6"
        }
      },
      {
        "package": "NumericSpringing",
        "repositoryURL": "https://github.com/LactoseGK/swift-numeric-springing",
        "state": {
          "branch": null,
          "revision": "848c33ba45dd17da9dbffaa540ea3bf19843106e",
          "version": "0.0.7"
        }
      }
    ]
  },
  "version": 1
}
